
Microsoft Visual Studio Solution File, Format Version 12.00
# Visual Studio Version 17
VisualStudioVersion = 17.3.32811.315
MinimumVisualStudioVersion = 10.0.40219.1
Project("{2150E333-8FDC-42A3-9474-1A3956D46DE8}") = "Redis.Stream", "Redis.Stream", "{942D2012-1156-451D-9E7F-DEEBEFC6092B}"
EndProject
Project("{9A19103F-16F7-4668-BE54-9A1E7A4F7556}") = "Redis.Stream.Producer", "Redis.Stream.Producer\Redis.Stream.Producer.csproj", "{1883ED8E-1F9A-415E-AF95-E254A40C1FEC}"
EndProject
Project("{2150E333-8FDC-42A3-9474-1A3956D46DE8}") = "Producer", "Producer", "{B59FA171-EC9A-473B-89AD-F744C618915B}"
EndProject
Project("{9A19103F-16F7-4668-BE54-9A1E7A4F7556}") = "ProducerUnitTests", "ProducerUnitTests\ProducerUnitTests.csproj", "{5D325A76-0CBD-4460-A40F-F6502950CE16}"
EndProject
Project("{2150E333-8FDC-42A3-9474-1A3956D46DE8}") = "Consumer", "Consumer", "{956C4D87-796E-4BD2-9EA8-D3BB8D36F9A4}"
EndProject
Project("{9A19103F-16F7-4668-BE54-9A1E7A4F7556}") = "Redis.Stream.Consumer", "Redis.Stream.Consumer\Redis.Stream.Consumer.csproj", "{AD9A0EFA-BD77-41E2-AFF5-E824F39E057A}"
EndProject
Project("{2150E333-8FDC-42A3-9474-1A3956D46DE8}") = "Shared", "Shared", "{C7C5347B-5245-4CC5-AE43-3CB240D3622E}"
EndProject
Project("{9A19103F-16F7-4668-BE54-9A1E7A4F7556}") = "SharedNET", "SharedNET\SharedNET.csproj", "{B4E0EEE6-E76C-415D-A3C4-D0E43F0A387E}"
EndProject
Project("{2150E333-8FDC-42A3-9474-1A3956D46DE8}") = "NET", "NET", "{439437DE-10FA-4A1C-9E1D-94ECB9313747}"
EndProject
Project("{2150E333-8FDC-42A3-9474-1A3956D46DE8}") = "React", "React", "{321603A0-6007-42CB-BF0F-8A631BB8DE9F}"
EndProject
Project("{2150E333-8FDC-42A3-9474-1A3956D46DE8}") = "Angular", "Angular", "{A732F089-13B5-4BC7-A258-F59BC76ED38E}"
EndProject
Project("{2150E333-8FDC-42A3-9474-1A3956D46DE8}") = "Vue", "Vue", "{0740D51B-1B81-426B-B3D1-A96037E85652}"
EndProject
Project("{2150E333-8FDC-42A3-9474-1A3956D46DE8}") = "Consumer", "Consumer", "{956C4D87-796E-4BD2-9EA8-D3BB8D36F9A4}"
EndProject
Project("{9A19103F-16F7-4668-BE54-9A1E7A4F7556}") = "Redis.Stream.Consumer", "Redis.Stream.Consumer\Redis.Stream.Consumer.csproj", "{AD9A0EFA-BD77-41E2-AFF5-E824F39E057A}"
EndProject
Project("{2150E333-8FDC-42A3-9474-1A3956D46DE8}") = "Shared", "Shared", "{C7C5347B-5245-4CC5-AE43-3CB240D3622E}"
EndProject
Project("{FAE04EC0-301F-11D3-BF4B-00C04F79EFBC}") = "SharedNET", "SharedNET\SharedNET.csproj", "{B4E0EEE6-E76C-415D-A3C4-D0E43F0A387E}"
EndProject
Global
	GlobalSection(SolutionConfigurationPlatforms) = preSolution
		Debug|Any CPU = Debug|Any CPU
		Release|Any CPU = Release|Any CPU
	EndGlobalSection
	GlobalSection(ProjectConfigurationPlatforms) = postSolution
		{1883ED8E-1F9A-415E-AF95-E254A40C1FEC}.Debug|Any CPU.ActiveCfg = Debug|Any CPU
		{1883ED8E-1F9A-415E-AF95-E254A40C1FEC}.Debug|Any CPU.Build.0 = Debug|Any CPU
		{1883ED8E-1F9A-415E-AF95-E254A40C1FEC}.Release|Any CPU.ActiveCfg = Release|Any CPU
		{1883ED8E-1F9A-415E-AF95-E254A40C1FEC}.Release|Any CPU.Build.0 = Release|Any CPU
		{5D325A76-0CBD-4460-A40F-F6502950CE16}.Debug|Any CPU.ActiveCfg = Debug|Any CPU
		{5D325A76-0CBD-4460-A40F-F6502950CE16}.Debug|Any CPU.Build.0 = Debug|Any CPU
		{5D325A76-0CBD-4460-A40F-F6502950CE16}.Release|Any CPU.ActiveCfg = Release|Any CPU
		{5D325A76-0CBD-4460-A40F-F6502950CE16}.Release|Any CPU.Build.0 = Release|Any CPU
		{AD9A0EFA-BD77-41E2-AFF5-E824F39E057A}.Debug|Any CPU.ActiveCfg = Debug|Any CPU
		{AD9A0EFA-BD77-41E2-AFF5-E824F39E057A}.Debug|Any CPU.Build.0 = Debug|Any CPU
		{AD9A0EFA-BD77-41E2-AFF5-E824F39E057A}.Release|Any CPU.ActiveCfg = Release|Any CPU
		{AD9A0EFA-BD77-41E2-AFF5-E824F39E057A}.Release|Any CPU.Build.0 = Release|Any CPU
		{B4E0EEE6-E76C-415D-A3C4-D0E43F0A387E}.Debug|Any CPU.ActiveCfg = Debug|Any CPU
		{B4E0EEE6-E76C-415D-A3C4-D0E43F0A387E}.Debug|Any CPU.Build.0 = Debug|Any CPU
		{B4E0EEE6-E76C-415D-A3C4-D0E43F0A387E}.Release|Any CPU.ActiveCfg = Release|Any CPU
		{B4E0EEE6-E76C-415D-A3C4-D0E43F0A387E}.Release|Any CPU.Build.0 = Release|Any CPU
	EndGlobalSection
	GlobalSection(SolutionProperties) = preSolution
		HideSolutionNode = FALSE
	EndGlobalSection
	GlobalSection(NestedProjects) = preSolution
		{1883ED8E-1F9A-415E-AF95-E254A40C1FEC} = {B59FA171-EC9A-473B-89AD-F744C618915B}
		{B59FA171-EC9A-473B-89AD-F744C618915B} = {942D2012-1156-451D-9E7F-DEEBEFC6092B}
		{5D325A76-0CBD-4460-A40F-F6502950CE16} = {B59FA171-EC9A-473B-89AD-F744C618915B}
		{956C4D87-796E-4BD2-9EA8-D3BB8D36F9A4} = {942D2012-1156-451D-9E7F-DEEBEFC6092B}
		{AD9A0EFA-BD77-41E2-AFF5-E824F39E057A} = {439437DE-10FA-4A1C-9E1D-94ECB9313747}
		{C7C5347B-5245-4CC5-AE43-3CB240D3622E} = {942D2012-1156-451D-9E7F-DEEBEFC6092B}
		{B4E0EEE6-E76C-415D-A3C4-D0E43F0A387E} = {C7C5347B-5245-4CC5-AE43-3CB240D3622E}
		{439437DE-10FA-4A1C-9E1D-94ECB9313747} = {956C4D87-796E-4BD2-9EA8-D3BB8D36F9A4}
		{321603A0-6007-42CB-BF0F-8A631BB8DE9F} = {956C4D87-796E-4BD2-9EA8-D3BB8D36F9A4}
		{A732F089-13B5-4BC7-A258-F59BC76ED38E} = {956C4D87-796E-4BD2-9EA8-D3BB8D36F9A4}
		{0740D51B-1B81-426B-B3D1-A96037E85652} = {956C4D87-796E-4BD2-9EA8-D3BB8D36F9A4}
		{956C4D87-796E-4BD2-9EA8-D3BB8D36F9A4} = {942D2012-1156-451D-9E7F-DEEBEFC6092B}
		{AD9A0EFA-BD77-41E2-AFF5-E824F39E057A} = {956C4D87-796E-4BD2-9EA8-D3BB8D36F9A4}
		{C7C5347B-5245-4CC5-AE43-3CB240D3622E} = {942D2012-1156-451D-9E7F-DEEBEFC6092B}
		{B4E0EEE6-E76C-415D-A3C4-D0E43F0A387E} = {C7C5347B-5245-4CC5-AE43-3CB240D3622E}
	EndGlobalSection
	GlobalSection(ExtensibilityGlobals) = postSolution
		SolutionGuid = {8FBDF8C0-0CEB-44B4-B451-61357D00E902}
	EndGlobalSection
EndGlobal
